// !$*UTF8*$!
{
	archiveVersion = 1;
	classes = {
	};
	objectVersion = 46;
	objects = {

/* Begin PBXBuildFile section */
		016A037E1BEF3150002E502D /* main.m in Sources */ = {isa = PBXBuildFile; fileRef = 016A037D1BEF3150002E502D /* main.m */; };
		016A03811BEF3150002E502D /* AppDelegate.m in Sources */ = {isa = PBXBuildFile; fileRef = 016A03801BEF3150002E502D /* AppDelegate.m */; };
		016A03841BEF3150002E502D /* ViewController.m in Sources */ = {isa = PBXBuildFile; fileRef = 016A03831BEF3150002E502D /* ViewController.m */; };
		016A03871BEF3150002E502D /* Main.storyboard in Resources */ = {isa = PBXBuildFile; fileRef = 016A03851BEF3150002E502D /* Main.storyboard */; };
		016A03891BEF3150002E502D /* Assets.xcassets in Resources */ = {isa = PBXBuildFile; fileRef = 016A03881BEF3150002E502D /* Assets.xcassets */; };
		016A038C1BEF3150002E502D /* LaunchScreen.storyboard in Resources */ = {isa = PBXBuildFile; fileRef = 016A038A1BEF3150002E502D /* LaunchScreen.storyboard */; };
		016A03961BEF3163002E502D /* SecondViewController.m in Sources */ = {isa = PBXBuildFile; fileRef = 016A03941BEF3163002E502D /* SecondViewController.m */; settings = {ASSET_TAGS = (); }; };
		016A03971BEF3163002E502D /* SecondViewController.xib in Resources */ = {isa = PBXBuildFile; fileRef = 016A03951BEF3163002E502D /* SecondViewController.xib */; settings = {ASSET_TAGS = (); }; };
		016A039A1BEF3292002E502D /* DataSource.m in Sources */ = {isa = PBXBuildFile; fileRef = 016A03991BEF3292002E502D /* DataSource.m */; settings = {ASSET_TAGS = (); }; };
/* End PBXBuildFile section */

/* Begin PBXFileReference section */
		016A03791BEF3150002E502D /* SendMsg-Signleton.app */ = {isa = PBXFileReference; explicitFileType = wrapper.application; includeInIndex = 0; path = "SendMsg-Signleton.app"; sourceTree = BUILT_PRODUCTS_DIR; };
		016A037D1BEF3150002E502D /* main.m */ = {isa = PBXFileReference; lastKnownFileType = sourcecode.c.objc; path = main.m; sourceTree = "<group>"; };
		016A037F1BEF3150002E502D /* AppDelegate.h */ = {isa = PBXFileReference; lastKnownFileType = sourcecode.c.h; path = AppDelegate.h; sourceTree = "<group>"; };
		016A03801BEF3150002E502D /* AppDelegate.m */ = {isa = PBXFileReference; lastKnownFileType = sourcecode.c.objc; path = AppDelegate.m; sourceTree = "<group>"; };
		016A03821BEF3150002E502D /* ViewController.h */ = {isa = PBXFileReference; lastKnownFileType = sourcecode.c.h; path = ViewController.h; sourceTree = "<group>"; };
		016A03831BEF3150002E502D /* ViewController.m */ = {isa = PBXFileReference; lastKnownFileType = sourcecode.c.objc; path = ViewController.m; sourceTree = "<group>"; };
		016A03861BEF3150002E502D /* Base */ = {isa = PBXFileReference; lastKnownFileType = file.storyboard; name = Base; path = Base.lproj/Main.storyboard; sourceTree = "<group>"; };
		016A03881BEF3150002E502D /* Assets.xcassets */ = {isa = PBXFileReference; lastKnownFileType = folder.assetcatalog; path = Assets.xcassets; sourceTree = "<group>"; };
		016A038B1BEF3150002E502D /* Base */ = {isa = PBXFileReference; lastKnownFileType = file.storyboard; name = Base; path = Base.lproj/LaunchScreen.storyboard; sourceTree = "<group>"; };
		016A038D1BEF3150002E502D /* Info.plist */ = {isa = PBXFileReference; lastKnownFileType = text.plist.xml; path = Info.plist; sourceTree = "<group>"; };
		016A03931BEF3163002E502D /* SecondViewController.h */ = {isa = PBXFileReference; fileEncoding = 4; lastKnownFileType = sourcecode.c.h; path = SecondViewController.h; sourceTree = "<group>"; };
		016A03941BEF3163002E502D /* SecondViewController.m */ = {isa = PBXFileReference; fileEncoding = 4; lastKnownFileType = sourcecode.c.objc; path = SecondViewController.m; sourceTree = "<group>"; };
		016A03951BEF3163002E502D /* SecondViewController.xib */ = {isa = PBXFileReference; fileEncoding = 4; lastKnownFileType = file.xib; path = SecondViewController.xib; sourceTree = "<group>"; };
		016A03981BEF3292002E502D /* DataSource.h */ = {isa = PBXFileReference; fileEncoding = 4; lastKnownFileType = sourcecode.c.h; path = DataSource.h; sourceTree = "<group>"; };
		016A03991BEF3292002E502D /* DataSource.m */ = {isa = PBXFileReference; fileEncoding = 4; lastKnownFileType = sourcecode.c.objc; path = DataSource.m; sourceTree = "<group>"; };
/* End PBXFileReference section */

/* Begin PBXFrameworksBuildPhase section */
		016A03761BEF3150002E502D /* Frameworks */ = {
			isa = PBXFrameworksBuildPhase;
			buildActionMask = 2147483647;
			files = (
			);
			runOnlyForDeploymentPostprocessing = 0;
		};
/* End PBXFrameworksBuildPhase section */

/* Begin PBXGroup section */
		016A03701BEF3150002E502D = {
			isa = PBXGroup;
			children = (
				016A037B1BEF3150002E502D /* SendMsg-Signleton */,
				016A037A1BEF3150002E502D /* Products */,
			);
			sourceTree = "<group>";
		};
		016A037A1BEF3150002E502D /* Products */ = {
			isa = PBXGroup;
			children = (
				016A03791BEF3150002E502D /* SendMsg-Signleton.app */,
			);
			name = Products;
			sourceTree = "<group>";
		};
		016A037B1BEF3150002E502D /* SendMsg-Signleton */ = {
			isa = PBXGroup;
			children = (
				016A037F1BEF3150002E502D /* AppDelegate.h */,
				016A03801BEF3150002E502D /* AppDelegate.m */,
				016A03821BEF3150002E502D /* ViewController.h */,
				016A03831BEF3150002E502D /* ViewController.m */,
				016A03851BEF3150002E502D /* Main.storyboard */,
				016A03931BEF3163002E502D /* SecondViewController.h */,
				016A03941BEF3163002E502D /* SecondViewController.m */,
				016A03951BEF3163002E502D /* SecondViewController.xib */,
				016A03981BEF3292002E502D /* DataSource.h */,
				016A03991BEF3292002E502D /* DataSource.m */,
				016A03881BEF3150002E502D /* Assets.xcassets */,
				016A038A1BEF3150002E502D /* LaunchScreen.storyboard */,
				016A038D1BEF3150002E502D /* Info.plist */,
				016A037C1BEF3150002E502D /* Supporting Files */,
			);
			path = "SendMsg-Signleton";
			sourceTree = "<group>";
		};
		016A037C1BEF3150002E502D /* Supporting Files */ = {
			isa = PBXGroup;
			children = (
				016A037D1BEF3150002E502D /* main.m */,
			);
			name = "Supporting Files";
			sourceTree = "<group>";
		};
/* End PBXGroup section */

/* Begin PBXNativeTarget section */
		016A03781BEF3150002E502D /* SendMsg-Signleton */ = {
			isa = PBXNativeTarget;
			buildConfigurationList = 016A03901BEF3150002E502D /* Build configuration list for PBXNativeTarget "SendMsg-Signleton" */;
			buildPhases = (
				016A03751BEF3150002E502D /* Sources */,
				016A03761BEF3150002E502D /* Frameworks */,
				016A03771BEF3150002E502D /* Resources */,
			);
			buildRules = (
			);
			dependencies = (
			);
			name = "SendMsg-Signleton";
			productName = "SendMsg-Signleton";
			productReference = 016A03791BEF3150002E502D /* SendMsg-Signleton.app */;
			productType = "com.apple.product-type.application";
		};
/* End PBXNativeTarget section */

/* Begin PBXProject section */
		016A03711BEF3150002E502D /* Project object */ = {
			isa = PBXProject;
			attributes = {
				LastUpgradeCheck = 0700;
				ORGANIZATIONNAME = "Haiyan Huang";
				TargetAttributes = {
					016A03781BEF3150002E502D = {
						CreatedOnToolsVersion = 7.0.1;
					};
				};
			};
			buildConfigurationList = 016A03741BEF3150002E502D /* Build configuration list for PBXProject "SendMsg-Signleton" */;
			compatibilityVersion = "Xcode 3.2";
			developmentRegion = English;
			hasScannedForEncodings = 0;
			knownRegions = (
				en,
				Base,
			);
			mainGroup = 016A03701BEF3150002E502D;
			productRefGroup = 016A037A1BEF3150002E502D /* Products */;
			projectDirPath = "";
			projectRoot = "";
			targets = (
				016A03781BEF3150002E502D /* SendMsg-Signleton */,
			);
		};
/* End PBXProject section */

/* Begin PBXResourcesBuildPhase section */
		016A03771BEF3150002E502D /* Resources */ = {
			isa = PBXResourcesBuildPhase;
			buildActionMask = 2147483647;
			files = (
				016A03971BEF3163002E502D /* SecondViewController.xib in Resources */,
				016A038C1BEF3150002E502D /* LaunchScreen.storyboard in Resources */,
				016A03891BEF3150002E502D /* Assets.xcassets in Resources */,
				016A03871BEF3150002E502D /* Main.storyboard in Resources */,
			);
			runOnlyForDeploymentPostprocessing = 0;
		};
/* End PBXResourcesBuildPhase section */

/* Begin PBXSourcesBuildPhase section */
		016A03751BEF3150002E502D /* Sources */ = {
			isa = PBXSourcesBuildPhase;
			buildActionMask = 2147483647;
			files = (
				016A03961BEF3163002E502D /* SecondViewController.m in Sources */,
				016A039A1BEF3292002E502D /* DataSource.m in Sources */,
				016A03841BEF3150002E502D /* ViewController.m in Sources */,
				016A03811BEF3150002E502D /* AppDelegate.m in Sources */,
				016A037E1BEF3150002E502D /* main.m in Sources */,
			);
			runOnlyForDeploymentPostprocessing = 0;
		};
/* End PBXSourcesBuildPhase section */

/* Begin PBXVariantGroup section */
		016A03851BEF3150002E502D /* Main.storyboard */ = {
			isa = PBXVariantGroup;
			children = (
				016A03861BEF3150002E502D /* Base */,
			);
			name = Main.storyboard;
			sourceTree = "<group>";
		};
		016A038A1BEF3150002E502D /* LaunchScreen.storyboard */ = {
			isa = PBXVariantGroup;
			children = (
				016A038B1BEF3150002E502D /* Base */,
			);
			name = LaunchScreen.storyboard;
			sourceTree = "<group>";
		};
/* End PBXVariantGroup section */

/* Begin XCBuildConfiguration section */
		016A038E1BEF3150002E502D /* Debug */ = {
			isa = XCBuildConfiguration;
			buildSettings = {
				ALWAYS_SEARCH_USER_PATHS = NO;
				CLANG_CXX_LANGUAGE_STANDARD = "gnu++0x";
				CLANG_CXX_LIBRARY = "libc++";
				CLANG_ENABLE_MODULES = YES;
				CLANG_ENABLE_OBJC_ARC = YES;
				CLANG_WARN_BOOL_CONVERSION = YES;
				CLANG_WARN_CONSTANT_CONVERSION = YES;
				CLANG_WARN_DIRECT_OBJC_ISA_USAGE = YES_ERROR;
				CLANG_WARN_EMPTY_BODY = YES;
				CLANG_WARN_ENUM_CONVERSION = YES;
				CLANG_WARN_INT_CONVERSION = YES;
				CLANG_WARN_OBJC_ROOT_CLASS = YES_ERROR;
				CLANG_WARN_UNREACHABLE_CODE = YES;
				CLANG_WARN__DUPLICATE_METHOD_MATCH = YES;
				"CODE_SIGN_IDENTITY[sdk=iphoneos*]" = "iPhone Developer";
				COPY_PHASE_STRIP = NO;
				DEBUG_INFORMATION_FORMAT = dwarf;
				ENABLE_STRICT_OBJC_MSGSEND = YES;
				ENABLE_TESTABILITY = YES;
				GCC_C_LANGUAGE_STANDARD = gnu99;
				GCC_DYNAMIC_NO_PIC = NO;
				GCC_NO_COMMON_BLOCKS = YES;
				GCC_OPTIMIZATION_LEVEL = 0;
				GCC_PREPROCESSOR_DEFINITIONS = (
					"DEBUG=1",
					"$(inherited)",
				);
				GCC_WARN_64_TO_32_BIT_CONVERSION = YES;
				GCC_WARN_ABOUT_RETURN_TYPE = YES_ERROR;
				GCC_WARN_UNDECLARED_SELECTOR = YES;
				GCC_WARN_UNINITIALIZED_AUTOS = YES_AGGRESSIVE;
				GCC_WARN_UNUSED_FUNCTION = YES;
				GCC_WARN_UNUSED_VARIABLE = YES;
				IPHONEOS_DEPLOYMENT_TARGET = 9.0;
				MTL_ENABLE_DEBUG_INFO = YES;
				ONLY_ACTIVE_ARCH = YES;
				SDKROOT = iphoneos;
			};
			name = Debug;
		};
		016A038F1BEF3150002E502D /* Release */ = {
			isa = XCBuildConfiguration;
			buildSettings = {
				ALWAYS_SEARCH_USER_PATHS = NO;
				CLANG_CXX_LANGUAGE_STANDARD = "gnu++0x";
				CLANG_CXX_LIBRARY = "libc++";
				CLANG_ENABLE_MODULES = YES;
				CLANG_ENABLE_OBJC_ARC = YES;
				CLANG_WARN_BOOL_CONVERSION = YES;
				CLANG_WARN_CONSTANT_CONVERSION = YES;
				CLANG_WARN_DIRECT_OBJC_ISA_USAGE = YES_ERROR;
				CLANG_WARN_EMPTY_BODY = YES;
				CLANG_WARN_ENUM_CONVERSION = YES;
				CLANG_WARN_INT_CONVERSION = YES;
				CLANG_WARN_OBJC_ROOT_CLASS = YES_ERROR;
				CLANG_WARN_UNREACHABLE_CODE = YES;
				CLANG_WARN__DUPLICATE_METHOD_MATCH = YES;
				"CODE_SIGN_IDENTITY[sdk=iphoneos*]" = "iPhone Developer";
				COPY_PHASE_STRIP = NO;
				DEBUG_INFORMATION_FORMAT = "dwarf-with-dsym";
				ENABLE_NS_ASSERTIONS = NO;
				ENABLE_STRICT_OBJC_MSGSEND = YES;
				GCC_C_LANGUAGE_STANDARD = gnu99;
				GCC_NO_COMMON_BLOCKS = YES;
				GCC_WARN_64_TO_32_BIT_CONVERSION = YES;
				GCC_WARN_ABOUT_RETURN_TYPE = YES_ERROR;
				GCC_WARN_UNDECLARED_SELECTOR = YES;
				GCC_WARN_UNINITIALIZED_AUTOS = YES_AGGRESSIVE;
				GCC_WARN_UNUSED_FUNCTION = YES;
				GCC_WARN_UNUSED_VARIABLE = YES;
				IPHONEOS_DEPLOYMENT_TARGET = 9.0;
				MTL_ENABLE_DEBUG_INFO = NO;
				SDKROOT = iphoneos;
				VALIDATE_PRODUCT = YES;
			};
			name = Release;
		};
		016A03911BEF3150002E502D /* Debug */ = {
			isa = XCBuildConfiguration;
			buildSettings = {
				ASSETCATALOG_COMPILER_APPICON_NAME = AppIcon;
				INFOPLIST_FILE = "SendMsg-Signleton/Info.plist";
				LD_RUNPATH_SEARCH_PATHS = "$(inherited) @executable_path/Frameworks";
				PRODUCT_BUNDLE_IDENTIFIER = "demo.SendMsg-Signleton";
				PRODUCT_NAME = "$(TARGET_NAME)";
			};
			name = Debug;
		};
		016A03921BEF3150002E502D /* Release */ = {
			isa = XCBuildConfiguration;
			buildSettings = {
				ASSETCATALOG_COMPILER_APPICON_NAME = AppIcon;
				INFOPLIST_FILE = "SendMsg-Signleton/Info.plist";
				LD_RUNPATH_SEARCH_PATHS = "$(inherited) @executable_path/Frameworks";
				PRODUCT_BUNDLE_IDENTIFIER = "demo.SendMsg-Signleton";
				PRODUCT_NAME = "$(TARGET_NAME)";
			};
			name = Release;
		};
/* End XCBuildConfiguration section */

/* Begin XCConfigurationList section */
		016A03741BEF3150002E502D /* Build configuration list for PBXProject "SendMsg-Signleton" */ = {
			isa = XCConfigurationList;
			buildConfigurations = (
				016A038E1BEF3150002E502D /* Debug */,
				016A038F1BEF3150002E502D /* Release */,
			);
			defaultConfigurationIsVisible = 0;
			defaultConfigurationName = Release;
		};
		016A03901BEF3150002E502D /* Build configuration list for PBXNativeTarget "SendMsg-Signleton" */ = {
			isa = XCConfigurationList;
			buildConfigurations = (
				016A03911BEF3150002E502D /* Debug */,
				016A03921BEF3150002E502D /* Release */,
			);
			defaultConfigurationIsVisible = 0;
		};
/* End XCConfigurationList section */
	};
	rootObject = 016A03711BEF3150002E502D /* Project object */;
}
